<?xml version="1.0" encoding="utf-8"?>
<Project ToolsVersion="4.0" xmlns="http://schemas.microsoft.com/developer/msbuild/2003">
  <ItemGroup>
    <None Include="ReadMe.txt" />
  </ItemGroup>
  <ItemGroup>
    <Filter Include="Source Files">
      <UniqueIdentifier>{6c45f8fb-d770-4f7d-b3c8-da1caae30faa}</UniqueIdentifier>
    </Filter>
    <Filter Include="Resource Files">
      <UniqueIdentifier>{20bcb72d-7769-48b8-ab13-db35047ab7b4}</UniqueIdentifier>
    </Filter>
    <Filter Include="Header Files">
      <UniqueIdentifier>{7202bdcb-f5fd-45ba-a360-d78d8317aa29}</UniqueIdentifier>
    </Filter>
  </ItemGroup>
  <ItemGroup>
    <ClCompile Include="GLTexture.cpp">
      <Filter>Source Files</Filter>
    </ClCompile>
    <ClCompile Include="OpenGLMeshLoader.cpp">
      <Filter>Source Files</Filter>
    </ClCompile>
    <ClCompile Include="Common\CommonCPP\Camera.cpp">
      <Filter>Source Files</Filter>
    </ClCompile>
    <ClCompile Include="Common\CommonCPP\Controls.cpp">
      <Filter>Source Files</Filter>
    </ClCompile>
    <ClCompile Include="Common\CommonCPP\Engine.cpp">
      <Filter>Source Files</Filter>
    </ClCompile>
    <ClCompile Include="Level1\Level1CPP\Level1.cpp">
      <Filter>Source Files</Filter>
    </ClCompile>
    <ClCompile Include="Level1\Level1CPP\Level1Obstacles.cpp">
      <Filter>Source Files</Filter>
    </ClCompile>
    <ClCompile Include="Common\CommonCPP\Lighting.cpp">
      <Filter>Source Files</Filter>
    </ClCompile>
    <ClCompile Include="Common\CommonCPP\Model_3DS.cpp">
      <Filter>Source Files</Filter>
    </ClCompile>
    <ClCompile Include="Common\CommonCPP\Player.cpp">
      <Filter>Source Files</Filter>
    </ClCompile>
    <ClCompile Include="Level1\Level1CPP\Playground.cpp">
      <Filter>Source Files</Filter>
    </ClCompile>
    <ClCompile Include="Level1\Level1CPP\PlaygroundObstacles.cpp">
      <Filter>Source Files</Filter>
    </ClCompile>
    <ClCompile Include="Common\CommonCPP\TextureBuilder.cpp">
      <Filter>Source Files</Filter>
    </ClCompile>
    <ClCompile Include="Common\CommonCPP\Vector3f.cpp">
      <Filter>Source Files</Filter>
    </ClCompile>
    <ClCompile Include="Level1\Level1CPP\Axe.cpp">
      <Filter>Source Files</Filter>
    </ClCompile>
    <ClCompile Include="Common\CommonCPP\Collisions.cpp">
      <Filter>Source Files</Filter>
    </ClCompile>
    <ClCompile Include="Common\CommonCPP\Collectible.cpp" />
    <ClCompile Include="Common\CommonCPP\Cpflag.cpp" />
    <ClCompile Include="Common\CommonCPP\Goal.cpp" />
  </ItemGroup>
  <ItemGroup>
    <ClInclude Include="GLTexture.h">
      <Filter>Header Files</Filter>
    </ClInclude>
    <ClInclude Include="OpenGLMeshLoader.h">
      <Filter>Header Files</Filter>
    </ClInclude>
    <ClInclude Include="Common\CommonH\Camera.h">
      <Filter>Header Files</Filter>
    </ClInclude>
    <ClInclude Include="Common\CommonH\Controls.h">
      <Filter>Header Files</Filter>
    </ClInclude>
    <ClInclude Include="Common\CommonH\Engine.h">
      <Filter>Header Files</Filter>
    </ClInclude>
    <ClInclude Include="Level1\Level1H\Level1.h">
      <Filter>Header Files</Filter>
    </ClInclude>
    <ClInclude Include="Level1\Level1H\Level1Obstacles.h">
      <Filter>Header Files</Filter>
    </ClInclude>
    <ClInclude Include="Common\CommonH\Lighting.h">
      <Filter>Header Files</Filter>
    </ClInclude>
    <ClInclude Include="Common\CommonH\Model_3DS.h">
      <Filter>Header Files</Filter>
    </ClInclude>
    <ClInclude Include="Common\CommonH\Player.h">
      <Filter>Header Files</Filter>
    </ClInclude>
    <ClInclude Include="Level1\Level1H\Playground.h">
      <Filter>Header Files</Filter>
    </ClInclude>
    <ClInclude Include="Level1\Level1H\PlaygroundObstacles.h">
      <Filter>Header Files</Filter>
    </ClInclude>
    <ClInclude Include="Common\CommonH\Vector3f.h">
      <Filter>Header Files</Filter>
    </ClInclude>
    <ClInclude Include="Common\CommonH\TextureBuilder.h">
      <Filter>Header Files</Filter>
    </ClInclude>
    <ClInclude Include="Level1\Level1H\Axe.h">
      <Filter>Header Files</Filter>
    </ClInclude>
    <ClInclude Include="Common\CommonH\Collisions.h">
      <Filter>Header Files</Filter>
    </ClInclude>
    <ClInclude Include="Common\CommonH\Cpflag.h" />
    <ClInclude Include="Common\CommonH\Goal.h" />
    <ClInclude Include="Common\CommonH\Collectible.h">
      <Filter>Header Files</Filter>
    </ClInclude>
  </ItemGroup>
</Project>